
Microsoft Visual Studio Solution File, Format Version 12.00
# Visual Studio Version 17
VisualStudioVersion = 17.11.35312.102
MinimumVisualStudioVersion = 10.0.40219.1
Project("{FAE04EC0-301F-11D3-BF4B-00C04F79EFBC}") = "CourseApp", "CourseApp\CourseApp.csproj", "{170B2C04-75E1-4463-B3D8-3396D6469C39}"
EndProject
Project("{FAE04EC0-301F-11D3-BF4B-00C04F79EFBC}") = "DomainLayer", "DomainLayer\DomainLayer.csproj", "{A40279F4-C269-4E1F-A6C2-38A74382B338}"
EndProject
Project("{FAE04EC0-301F-11D3-BF4B-00C04F79EFBC}") = "RepositoryLayer", "Repositoy\RepositoryLayer.csproj", "{267A5058-90B1-4396-8C95-317F2E209D73}"
EndProject
Project("{FAE04EC0-301F-11D3-BF4B-00C04F79EFBC}") = "ServiceLayer", "ServiceLayer\ServiceLayer.csproj", "{DCC456E1-77D5-43C1-8B4A-C26BDCD6C0F6}"
EndProject
Global
	GlobalSection(SolutionConfigurationPlatforms) = preSolution
		Debug|Any CPU = Debug|Any CPU
		Release|Any CPU = Release|Any CPU
	EndGlobalSection
	GlobalSection(ProjectConfigurationPlatforms) = postSolution
		{170B2C04-75E1-4463-B3D8-3396D6469C39}.Debug|Any CPU.ActiveCfg = Debug|Any CPU
		{170B2C04-75E1-4463-B3D8-3396D6469C39}.Debug|Any CPU.Build.0 = Debug|Any CPU
		{170B2C04-75E1-4463-B3D8-3396D6469C39}.Release|Any CPU.ActiveCfg = Release|Any CPU
		{170B2C04-75E1-4463-B3D8-3396D6469C39}.Release|Any CPU.Build.0 = Release|Any CPU
		{A40279F4-C269-4E1F-A6C2-38A74382B338}.Debug|Any CPU.ActiveCfg = Debug|Any CPU
		{A40279F4-C269-4E1F-A6C2-38A74382B338}.Debug|Any CPU.Build.0 = Debug|Any CPU
		{A40279F4-C269-4E1F-A6C2-38A74382B338}.Release|Any CPU.ActiveCfg = Release|Any CPU
		{A40279F4-C269-4E1F-A6C2-38A74382B338}.Release|Any CPU.Build.0 = Release|Any CPU
		{267A5058-90B1-4396-8C95-317F2E209D73}.Debug|Any CPU.ActiveCfg = Debug|Any CPU
		{267A5058-90B1-4396-8C95-317F2E209D73}.Debug|Any CPU.Build.0 = Debug|Any CPU
		{267A5058-90B1-4396-8C95-317F2E209D73}.Release|Any CPU.ActiveCfg = Release|Any CPU
		{267A5058-90B1-4396-8C95-317F2E209D73}.Release|Any CPU.Build.0 = Release|Any CPU
		{DCC456E1-77D5-43C1-8B4A-C26BDCD6C0F6}.Debug|Any CPU.ActiveCfg = Debug|Any CPU
		{DCC456E1-77D5-43C1-8B4A-C26BDCD6C0F6}.Debug|Any CPU.Build.0 = Debug|Any CPU
		{DCC456E1-77D5-43C1-8B4A-C26BDCD6C0F6}.Release|Any CPU.ActiveCfg = Release|Any CPU
		{DCC456E1-77D5-43C1-8B4A-C26BDCD6C0F6}.Release|Any CPU.Build.0 = Release|Any CPU
	EndGlobalSection
	GlobalSection(SolutionProperties) = preSolution
		HideSolutionNode = FALSE
	EndGlobalSection
	GlobalSection(ExtensibilityGlobals) = postSolution
		SolutionGuid = {B3333AC2-8376-4F44-B33F-8651DAC2C7C9}
	EndGlobalSection
EndGlobal
